
Microsoft Visual Studio Solution File, Format Version 12.00
# Visual Studio 14
VisualStudioVersion = 14.0.25123.0
MinimumVisualStudioVersion = 10.0.40219.1
Project("{FAE04EC0-301F-11D3-BF4B-00C04F79EFBC}") = "CustomButtonLib", "CustomButtonLib\CustomButtonLib.csproj", "{DCD7ED9C-5471-4DEF-8F23-B7B6CA5A7631}"
EndProject
Project("{FAE04EC0-301F-11D3-BF4B-00C04F79EFBC}") = "FormSupportLib", "FormSupportLib\FormSupportLib.csproj", "{F9412781-0384-47A6-B507-3E6A086219F0}"
EndProject
Project("{FAE04EC0-301F-11D3-BF4B-00C04F79EFBC}") = "WindowsFormsApplication1", "WindowsFormsApplication1\WindowsFormsApplication1.csproj", "{43C0F914-FE7D-4EA4-A68F-1E747075B939}"
EndProject
Project("{FAE04EC0-301F-11D3-BF4B-00C04F79EFBC}") = "ModernButtonLib", "ModernButton1\ModernButtonLib.csproj", "{ABD7C495-F004-47A6-9B26-D0044110F268}"
EndProject
Project("{FAE04EC0-301F-11D3-BF4B-00C04F79EFBC}") = "CountDownButtonLib", "CountDownButtonLib\CountDownButtonLib.csproj", "{8D4A290D-9224-4352-AC5A-8A26F93B15AF}"
EndProject
Global
	GlobalSection(SolutionConfigurationPlatforms) = preSolution
		Debug|Any CPU = Debug|Any CPU
		Debug|Mixed Platforms = Debug|Mixed Platforms
		Debug|x86 = Debug|x86
		Release|Any CPU = Release|Any CPU
		Release|Mixed Platforms = Release|Mixed Platforms
		Release|x86 = Release|x86
	EndGlobalSection
	GlobalSection(ProjectConfigurationPlatforms) = postSolution
		{DCD7ED9C-5471-4DEF-8F23-B7B6CA5A7631}.Debug|Any CPU.ActiveCfg = Debug|x86
		{DCD7ED9C-5471-4DEF-8F23-B7B6CA5A7631}.Debug|Mixed Platforms.ActiveCfg = Debug|x86
		{DCD7ED9C-5471-4DEF-8F23-B7B6CA5A7631}.Debug|Mixed Platforms.Build.0 = Debug|x86
		{DCD7ED9C-5471-4DEF-8F23-B7B6CA5A7631}.Debug|x86.ActiveCfg = Debug|x86
		{DCD7ED9C-5471-4DEF-8F23-B7B6CA5A7631}.Debug|x86.Build.0 = Debug|x86
		{DCD7ED9C-5471-4DEF-8F23-B7B6CA5A7631}.Release|Any CPU.ActiveCfg = Release|x86
		{DCD7ED9C-5471-4DEF-8F23-B7B6CA5A7631}.Release|Mixed Platforms.ActiveCfg = Release|x86
		{DCD7ED9C-5471-4DEF-8F23-B7B6CA5A7631}.Release|Mixed Platforms.Build.0 = Release|x86
		{DCD7ED9C-5471-4DEF-8F23-B7B6CA5A7631}.Release|x86.ActiveCfg = Release|x86
		{DCD7ED9C-5471-4DEF-8F23-B7B6CA5A7631}.Release|x86.Build.0 = Release|x86
		{F9412781-0384-47A6-B507-3E6A086219F0}.Debug|Any CPU.ActiveCfg = Debug|Any CPU
		{F9412781-0384-47A6-B507-3E6A086219F0}.Debug|Any CPU.Build.0 = Debug|Any CPU
		{F9412781-0384-47A6-B507-3E6A086219F0}.Debug|Mixed Platforms.ActiveCfg = Debug|Any CPU
		{F9412781-0384-47A6-B507-3E6A086219F0}.Debug|Mixed Platforms.Build.0 = Debug|Any CPU
		{F9412781-0384-47A6-B507-3E6A086219F0}.Debug|x86.ActiveCfg = Debug|Any CPU
		{F9412781-0384-47A6-B507-3E6A086219F0}.Release|Any CPU.ActiveCfg = Release|Any CPU
		{F9412781-0384-47A6-B507-3E6A086219F0}.Release|Any CPU.Build.0 = Release|Any CPU
		{F9412781-0384-47A6-B507-3E6A086219F0}.Release|Mixed Platforms.ActiveCfg = Release|Any CPU
		{F9412781-0384-47A6-B507-3E6A086219F0}.Release|Mixed Platforms.Build.0 = Release|Any CPU
		{F9412781-0384-47A6-B507-3E6A086219F0}.Release|x86.ActiveCfg = Release|Any CPU
		{43C0F914-FE7D-4EA4-A68F-1E747075B939}.Debug|Any CPU.ActiveCfg = Debug|Any CPU
		{43C0F914-FE7D-4EA4-A68F-1E747075B939}.Debug|Any CPU.Build.0 = Debug|Any CPU
		{43C0F914-FE7D-4EA4-A68F-1E747075B939}.Debug|Mixed Platforms.ActiveCfg = Debug|Any CPU
		{43C0F914-FE7D-4EA4-A68F-1E747075B939}.Debug|Mixed Platforms.Build.0 = Debug|Any CPU
		{43C0F914-FE7D-4EA4-A68F-1E747075B939}.Debug|x86.ActiveCfg = Debug|Any CPU
		{43C0F914-FE7D-4EA4-A68F-1E747075B939}.Debug|x86.Build.0 = Debug|Any CPU
		{43C0F914-FE7D-4EA4-A68F-1E747075B939}.Release|Any CPU.ActiveCfg = Release|Any CPU
		{43C0F914-FE7D-4EA4-A68F-1E747075B939}.Release|Any CPU.Build.0 = Release|Any CPU
		{43C0F914-FE7D-4EA4-A68F-1E747075B939}.Release|Mixed Platforms.ActiveCfg = Release|Any CPU
		{43C0F914-FE7D-4EA4-A68F-1E747075B939}.Release|Mixed Platforms.Build.0 = Release|Any CPU
		{43C0F914-FE7D-4EA4-A68F-1E747075B939}.Release|x86.ActiveCfg = Release|Any CPU
		{43C0F914-FE7D-4EA4-A68F-1E747075B939}.Release|x86.Build.0 = Release|Any CPU
		{ABD7C495-F004-47A6-9B26-D0044110F268}.Debug|Any CPU.ActiveCfg = Debug|Any CPU
		{ABD7C495-F004-47A6-9B26-D0044110F268}.Debug|Any CPU.Build.0 = Debug|Any CPU
		{ABD7C495-F004-47A6-9B26-D0044110F268}.Debug|Mixed Platforms.ActiveCfg = Debug|Any CPU
		{ABD7C495-F004-47A6-9B26-D0044110F268}.Debug|Mixed Platforms.Build.0 = Debug|Any CPU
		{ABD7C495-F004-47A6-9B26-D0044110F268}.Debug|x86.ActiveCfg = Debug|Any CPU
		{ABD7C495-F004-47A6-9B26-D0044110F268}.Debug|x86.Build.0 = Debug|Any CPU
		{ABD7C495-F004-47A6-9B26-D0044110F268}.Release|Any CPU.ActiveCfg = Release|Any CPU
		{ABD7C495-F004-47A6-9B26-D0044110F268}.Release|Any CPU.Build.0 = Release|Any CPU
		{ABD7C495-F004-47A6-9B26-D0044110F268}.Release|Mixed Platforms.ActiveCfg = Release|Any CPU
		{ABD7C495-F004-47A6-9B26-D0044110F268}.Release|Mixed Platforms.Build.0 = Release|Any CPU
		{ABD7C495-F004-47A6-9B26-D0044110F268}.Release|x86.ActiveCfg = Release|Any CPU
		{ABD7C495-F004-47A6-9B26-D0044110F268}.Release|x86.Build.0 = Release|Any CPU
		{8D4A290D-9224-4352-AC5A-8A26F93B15AF}.Debug|Any CPU.ActiveCfg = Debug|Any CPU
		{8D4A290D-9224-4352-AC5A-8A26F93B15AF}.Debug|Any CPU.Build.0 = Debug|Any CPU
		{8D4A290D-9224-4352-AC5A-8A26F93B15AF}.Debug|Mixed Platforms.ActiveCfg = Debug|Any CPU
		{8D4A290D-9224-4352-AC5A-8A26F93B15AF}.Debug|Mixed Platforms.Build.0 = Debug|Any CPU
		{8D4A290D-9224-4352-AC5A-8A26F93B15AF}.Debug|x86.ActiveCfg = Debug|Any CPU
		{8D4A290D-9224-4352-AC5A-8A26F93B15AF}.Debug|x86.Build.0 = Debug|Any CPU
		{8D4A290D-9224-4352-AC5A-8A26F93B15AF}.Release|Any CPU.ActiveCfg = Release|Any CPU
		{8D4A290D-9224-4352-AC5A-8A26F93B15AF}.Release|Any CPU.Build.0 = Release|Any CPU
		{8D4A290D-9224-4352-AC5A-8A26F93B15AF}.Release|Mixed Platforms.ActiveCfg = Release|Any CPU
		{8D4A290D-9224-4352-AC5A-8A26F93B15AF}.Release|Mixed Platforms.Build.0 = Release|Any CPU
		{8D4A290D-9224-4352-AC5A-8A26F93B15AF}.Release|x86.ActiveCfg = Release|Any CPU
		{8D4A290D-9224-4352-AC5A-8A26F93B15AF}.Release|x86.Build.0 = Release|Any CPU
	EndGlobalSection
	GlobalSection(SolutionProperties) = preSolution
		HideSolutionNode = FALSE
	EndGlobalSection
EndGlobal
